
Microsoft Visual Studio Solution File, Format Version 12.00
# Visual Studio 15
VisualStudioVersion = 15.0.27130.2036
MinimumVisualStudioVersion = 10.0.40219.1
Project("{FAE04EC0-301F-11D3-BF4B-00C04F79EFBC}") = "LeagueProj", "LeagueProj\LeagueProj.csproj", "{795F313E-EF4F-49AE-8453-FCD16CEBE58B}"
EndProject
Global
	GlobalSection(SolutionConfigurationPlatforms) = preSolution
		Debug|Any CPU = Debug|Any CPU
		Release|Any CPU = Release|Any CPU
	EndGlobalSection
	GlobalSection(ProjectConfigurationPlatforms) = postSolution
		{795F313E-EF4F-49AE-8453-FCD16CEBE58B}.Debug|Any CPU.ActiveCfg = Debug|Any CPU
		{795F313E-EF4F-49AE-8453-FCD16CEBE58B}.Debug|Any CPU.Build.0 = Debug|Any CPU
		{795F313E-EF4F-49AE-8453-FCD16CEBE58B}.Release|Any CPU.ActiveCfg = Release|Any CPU
		{795F313E-EF4F-49AE-8453-FCD16CEBE58B}.Release|Any CPU.Build.0 = Release|Any CPU
	EndGlobalSection
	GlobalSection(SolutionProperties) = preSolution
		HideSolutionNode = FALSE
	EndGlobalSection
	GlobalSection(ExtensibilityGlobals) = postSolution
		SolutionGuid = {C83BB2B5-89C8-4FEE-B20B-C0DFAB4327A7}
	EndGlobalSection
EndGlobal
